
Microsoft Visual Studio Solution File, Format Version 12.00
# Visual Studio Version 16
Project("{8BC9CEB8-8B4A-11D0-8D11-00A0C91BC942}") = "ALL_BUILD", "ALL_BUILD.vcxproj", "{2E492A1B-DFB7-3ABF-B851-2ADB608458D5}"
	ProjectSection(ProjectDependencies) = postProject
		{56659C9B-CD17-3FE0-B6A2-E1C3B0C70C1F} = {56659C9B-CD17-3FE0-B6A2-E1C3B0C70C1F}
	EndProjectSection
EndProject
Project("{8BC9CEB8-8B4A-11D0-8D11-00A0C91BC942}") = "MathModule", "MathModule.vcxproj", "{56659C9B-CD17-3FE0-B6A2-E1C3B0C70C1F}"
	ProjectSection(ProjectDependencies) = postProject
	EndProjectSection
EndProject
Global
	GlobalSection(SolutionConfigurationPlatforms) = preSolution
		Debug|x64 = Debug|x64
		Release|x64 = Release|x64
		MinSizeRel|x64 = MinSizeRel|x64
		RelWithDebInfo|x64 = RelWithDebInfo|x64
	EndGlobalSection
	GlobalSection(ProjectConfigurationPlatforms) = postSolution
		{2E492A1B-DFB7-3ABF-B851-2ADB608458D5}.Debug|x64.ActiveCfg = Debug|x64
		{2E492A1B-DFB7-3ABF-B851-2ADB608458D5}.Release|x64.ActiveCfg = Release|x64
		{2E492A1B-DFB7-3ABF-B851-2ADB608458D5}.MinSizeRel|x64.ActiveCfg = MinSizeRel|x64
		{2E492A1B-DFB7-3ABF-B851-2ADB608458D5}.RelWithDebInfo|x64.ActiveCfg = RelWithDebInfo|x64
		{56659C9B-CD17-3FE0-B6A2-E1C3B0C70C1F}.Debug|x64.ActiveCfg = Debug|x64
		{56659C9B-CD17-3FE0-B6A2-E1C3B0C70C1F}.Debug|x64.Build.0 = Debug|x64
		{56659C9B-CD17-3FE0-B6A2-E1C3B0C70C1F}.Release|x64.ActiveCfg = Release|x64
		{56659C9B-CD17-3FE0-B6A2-E1C3B0C70C1F}.Release|x64.Build.0 = Release|x64
		{56659C9B-CD17-3FE0-B6A2-E1C3B0C70C1F}.MinSizeRel|x64.ActiveCfg = MinSizeRel|x64
		{56659C9B-CD17-3FE0-B6A2-E1C3B0C70C1F}.MinSizeRel|x64.Build.0 = MinSizeRel|x64
		{56659C9B-CD17-3FE0-B6A2-E1C3B0C70C1F}.RelWithDebInfo|x64.ActiveCfg = RelWithDebInfo|x64
		{56659C9B-CD17-3FE0-B6A2-E1C3B0C70C1F}.RelWithDebInfo|x64.Build.0 = RelWithDebInfo|x64
	EndGlobalSection
	GlobalSection(ExtensibilityGlobals) = postSolution
		SolutionGuid = {9932866E-2FCE-3E47-A960-C0FD1C9ADBA8}
	EndGlobalSection
	GlobalSection(ExtensibilityAddIns) = postSolution
	EndGlobalSection
EndGlobal
