<?xml version="1.0" encoding="utf-8"?>
<Project ToolsVersion="16.0" xmlns="http://schemas.microsoft.com/developer/msbuild/2003">
  <ItemGroup>
    <ClCompile Include="C:\GameMath\Source\Runtime\Math\Precompiled.cpp" />
    <ClCompile Include="C:\GameMath\Source\Runtime\Math\Private\Box.cpp">
      <Filter>Private</Filter>
    </ClCompile>
    <ClCompile Include="C:\GameMath\Source\Runtime\Math\Private\Circle.cpp">
      <Filter>Private</Filter>
    </ClCompile>
    <ClCompile Include="C:\GameMath\Source\Runtime\Math\Private\Color32.cpp">
      <Filter>Private</Filter>
    </ClCompile>
    <ClCompile Include="C:\GameMath\Source\Runtime\Math\Private\Frustum.cpp">
      <Filter>Private</Filter>
    </ClCompile>
    <ClCompile Include="C:\GameMath\Source\Runtime\Math\Private\LinearColor.cpp">
      <Filter>Private</Filter>
    </ClCompile>
    <ClCompile Include="C:\GameMath\Source\Runtime\Math\Private\Math.cpp">
      <Filter>Private</Filter>
    </ClCompile>
    <ClCompile Include="C:\GameMath\Source\Runtime\Math\Private\Matrix2x2.cpp">
      <Filter>Private</Filter>
    </ClCompile>
    <ClCompile Include="C:\GameMath\Source\Runtime\Math\Private\Matrix3x3.cpp">
      <Filter>Private</Filter>
    </ClCompile>
    <ClCompile Include="C:\GameMath\Source\Runtime\Math\Private\Matrix4x4.cpp">
      <Filter>Private</Filter>
    </ClCompile>
    <ClCompile Include="C:\GameMath\Source\Runtime\Math\Private\Plane.cpp">
      <Filter>Private</Filter>
    </ClCompile>
    <ClCompile Include="C:\GameMath\Source\Runtime\Math\Private\Quaternion.cpp">
      <Filter>Private</Filter>
    </ClCompile>
    <ClCompile Include="C:\GameMath\Source\Runtime\Math\Private\Rectangle.cpp">
      <Filter>Private</Filter>
    </ClCompile>
    <ClCompile Include="C:\GameMath\Source\Runtime\Math\Private\Rotator.cpp">
      <Filter>Private</Filter>
    </ClCompile>
    <ClCompile Include="C:\GameMath\Source\Runtime\Math\Private\Sphere.cpp">
      <Filter>Private</Filter>
    </ClCompile>
    <ClCompile Include="C:\GameMath\Source\Runtime\Math\Private\Transform.cpp">
      <Filter>Private</Filter>
    </ClCompile>
    <ClCompile Include="C:\GameMath\Source\Runtime\Math\Private\Vector2.cpp">
      <Filter>Private</Filter>
    </ClCompile>
    <ClCompile Include="C:\GameMath\Source\Runtime\Math\Private\Vector3.cpp">
      <Filter>Private</Filter>
    </ClCompile>
    <ClCompile Include="C:\GameMath\Source\Runtime\Math\Private\Vector4.cpp">
      <Filter>Private</Filter>
    </ClCompile>
  </ItemGroup>
  <ItemGroup>
    <ClInclude Include="C:\GameMath\Source\Runtime\Math\Precompiled.h" />
    <ClInclude Include="C:\GameMath\Source\Runtime\Math\Public\Box.h">
      <Filter>Public</Filter>
    </ClInclude>
    <ClInclude Include="C:\GameMath\Source\Runtime\Math\Public\Circle.h">
      <Filter>Public</Filter>
    </ClInclude>
    <ClInclude Include="C:\GameMath\Source\Runtime\Math\Public\Color32.h">
      <Filter>Public</Filter>
    </ClInclude>
    <ClInclude Include="C:\GameMath\Source\Runtime\Math\Public\CoreDefinition.h">
      <Filter>Public</Filter>
    </ClInclude>
    <ClInclude Include="C:\GameMath\Source\Runtime\Math\Public\Frustum.h">
      <Filter>Public</Filter>
    </ClInclude>
    <ClInclude Include="C:\GameMath\Source\Runtime\Math\Public\HSVColor.h">
      <Filter>Public</Filter>
    </ClInclude>
    <ClInclude Include="C:\GameMath\Source\Runtime\Math\Public\LinearColor.h">
      <Filter>Public</Filter>
    </ClInclude>
    <ClInclude Include="C:\GameMath\Source\Runtime\Math\Public\MathHeaders.h">
      <Filter>Public</Filter>
    </ClInclude>
    <ClInclude Include="C:\GameMath\Source\Runtime\Math\Public\MathUtil.h">
      <Filter>Public</Filter>
    </ClInclude>
    <ClInclude Include="C:\GameMath\Source\Runtime\Math\Public\Matrix2x2.h">
      <Filter>Public</Filter>
    </ClInclude>
    <ClInclude Include="C:\GameMath\Source\Runtime\Math\Public\Matrix3x3.h">
      <Filter>Public</Filter>
    </ClInclude>
    <ClInclude Include="C:\GameMath\Source\Runtime\Math\Public\Matrix4x4.h">
      <Filter>Public</Filter>
    </ClInclude>
    <ClInclude Include="C:\GameMath\Source\Runtime\Math\Public\Plane.h">
      <Filter>Public</Filter>
    </ClInclude>
    <ClInclude Include="C:\GameMath\Source\Runtime\Math\Public\Platform.h">
      <Filter>Public</Filter>
    </ClInclude>
    <ClInclude Include="C:\GameMath\Source\Runtime\Math\Public\Quaternion.h">
      <Filter>Public</Filter>
    </ClInclude>
    <ClInclude Include="C:\GameMath\Source\Runtime\Math\Public\Rectangle.h">
      <Filter>Public</Filter>
    </ClInclude>
    <ClInclude Include="C:\GameMath\Source\Runtime\Math\Public\Rotator.h">
      <Filter>Public</Filter>
    </ClInclude>
    <ClInclude Include="C:\GameMath\Source\Runtime\Math\Public\ScreenPoint.h">
      <Filter>Public</Filter>
    </ClInclude>
    <ClInclude Include="C:\GameMath\Source\Runtime\Math\Public\Sphere.h">
      <Filter>Public</Filter>
    </ClInclude>
    <ClInclude Include="C:\GameMath\Source\Runtime\Math\Public\Transform.h">
      <Filter>Public</Filter>
    </ClInclude>
    <ClInclude Include="C:\GameMath\Source\Runtime\Math\Public\Vector2.h">
      <Filter>Public</Filter>
    </ClInclude>
    <ClInclude Include="C:\GameMath\Source\Runtime\Math\Public\Vector3.h">
      <Filter>Public</Filter>
    </ClInclude>
    <ClInclude Include="C:\GameMath\Source\Runtime\Math\Public\Vector4.h">
      <Filter>Public</Filter>
    </ClInclude>
    <ClInclude Include="C:\GameMath\Source\Runtime\Math\Public\Windows\WindowsPlatform.h">
      <Filter>Public\Windows</Filter>
    </ClInclude>
  </ItemGroup>
  <ItemGroup>
    <Filter Include="Private">
      <UniqueIdentifier>{B50F2CE3-E21D-32E5-98E5-A6406CAFCDB7}</UniqueIdentifier>
    </Filter>
    <Filter Include="Public">
      <UniqueIdentifier>{58B7D3F1-BE9D-34F5-83FF-852E01DBAF0A}</UniqueIdentifier>
    </Filter>
    <Filter Include="Public\Windows">
      <UniqueIdentifier>{F90FB3CB-8990-3C0A-8569-FB9D231376FD}</UniqueIdentifier>
    </Filter>
  </ItemGroup>
</Project>
